
Microsoft Visual Studio Solution File, Format Version 12.00
# Visual Studio 15
VisualStudioVersion = 15.0.27703.2026
MinimumVisualStudioVersion = 10.0.40219.1
Project("{9A19103F-16F7-4668-BE54-9A1E7A4F7556}") = "AventOfCode", "AventOfCode\AventOfCode.csproj", "{12A17E5F-502D-40AE-B439-32E7CA8C381C}"
EndProject
Project("{FAE04EC0-301F-11D3-BF4B-00C04F79EFBC}") = "AventOfCodeUnitTests", "AventOfCodeUnitTests\AventOfCodeUnitTests.csproj", "{2B2AF11C-FF48-4A83-922D-10891881DD88}"
EndProject
Global
	GlobalSection(SolutionConfigurationPlatforms) = preSolution
		Debug|Any CPU = Debug|Any CPU
		Release|Any CPU = Release|Any CPU
	EndGlobalSection
	GlobalSection(ProjectConfigurationPlatforms) = postSolution
		{12A17E5F-502D-40AE-B439-32E7CA8C381C}.Debug|Any CPU.ActiveCfg = Debug|Any CPU
		{12A17E5F-502D-40AE-B439-32E7CA8C381C}.Debug|Any CPU.Build.0 = Debug|Any CPU
		{12A17E5F-502D-40AE-B439-32E7CA8C381C}.Release|Any CPU.ActiveCfg = Release|Any CPU
		{12A17E5F-502D-40AE-B439-32E7CA8C381C}.Release|Any CPU.Build.0 = Release|Any CPU
		{2B2AF11C-FF48-4A83-922D-10891881DD88}.Debug|Any CPU.ActiveCfg = Debug|Any CPU
		{2B2AF11C-FF48-4A83-922D-10891881DD88}.Debug|Any CPU.Build.0 = Debug|Any CPU
		{2B2AF11C-FF48-4A83-922D-10891881DD88}.Release|Any CPU.ActiveCfg = Release|Any CPU
		{2B2AF11C-FF48-4A83-922D-10891881DD88}.Release|Any CPU.Build.0 = Release|Any CPU
	EndGlobalSection
	GlobalSection(SolutionProperties) = preSolution
		HideSolutionNode = FALSE
	EndGlobalSection
	GlobalSection(ExtensibilityGlobals) = postSolution
		SolutionGuid = {21AB21F8-7204-4D89-A909-3689A4F75B2D}
	EndGlobalSection
EndGlobal
